
Microsoft Visual Studio Solution File, Format Version 12.00
# Visual Studio Version 17
VisualStudioVersion = 17.8.34525.116
MinimumVisualStudioVersion = 10.0.40219.1
Project("{FAE04EC0-301F-11D3-BF4B-00C04F79EFBC}") = "Cloud Development Part 1 St10041994", "Cloud Development Part 1 St10041994\Cloud Development Part 1 St10041994.csproj", "{0E05669C-DCF1-41F2-92ED-7ED141EA20D0}"
EndProject
Global
	GlobalSection(SolutionConfigurationPlatforms) = preSolution
		Debug|Any CPU = Debug|Any CPU
		Release|Any CPU = Release|Any CPU
	EndGlobalSection
	GlobalSection(ProjectConfigurationPlatforms) = postSolution
		{0E05669C-DCF1-41F2-92ED-7ED141EA20D0}.Debug|Any CPU.ActiveCfg = Debug|Any CPU
		{0E05669C-DCF1-41F2-92ED-7ED141EA20D0}.Debug|Any CPU.Build.0 = Debug|Any CPU
		{0E05669C-DCF1-41F2-92ED-7ED141EA20D0}.Release|Any CPU.ActiveCfg = Release|Any CPU
		{0E05669C-DCF1-41F2-92ED-7ED141EA20D0}.Release|Any CPU.Build.0 = Release|Any CPU
	EndGlobalSection
	GlobalSection(SolutionProperties) = preSolution
		HideSolutionNode = FALSE
	EndGlobalSection
	GlobalSection(ExtensibilityGlobals) = postSolution
		SolutionGuid = {E3B28F92-48DA-4391-9AF8-E1A7A2D7D86B}
	EndGlobalSection
EndGlobal
